
Microsoft Visual Studio Solution File, Format Version 12.00
# Visual Studio Version 16
VisualStudioVersion = 16.0.31205.134
MinimumVisualStudioVersion = 10.0.40219.1
Project("{FAE04EC0-301F-11D3-BF4B-00C04F79EFBC}") = "CashRegister.WebApi", "CashRegister.WebApi\CashRegister.WebApi.csproj", "{3BF0A9A4-7B09-46ED-BE65-9C51ED8C50D0}"
EndProject
Project("{FAE04EC0-301F-11D3-BF4B-00C04F79EFBC}") = "CashRegister.Shared", "CashRegister.Shared\CashRegister.Shared.csproj", "{D6B6FDB1-93F3-4AC8-91AE-786ABC98D5CA}"
EndProject
Project("{FAE04EC0-301F-11D3-BF4B-00C04F79EFBC}") = "CashRegister.UICore", "CashRegister.UICore\CashRegister.UICore.csproj", "{C055E7E6-6853-4B8D-8A75-C8849C40D64F}"
EndProject
Global
	GlobalSection(SolutionConfigurationPlatforms) = preSolution
		Debug|Any CPU = Debug|Any CPU
		Release|Any CPU = Release|Any CPU
	EndGlobalSection
	GlobalSection(ProjectConfigurationPlatforms) = postSolution
		{3BF0A9A4-7B09-46ED-BE65-9C51ED8C50D0}.Debug|Any CPU.ActiveCfg = Debug|Any CPU
		{3BF0A9A4-7B09-46ED-BE65-9C51ED8C50D0}.Debug|Any CPU.Build.0 = Debug|Any CPU
		{3BF0A9A4-7B09-46ED-BE65-9C51ED8C50D0}.Release|Any CPU.ActiveCfg = Release|Any CPU
		{3BF0A9A4-7B09-46ED-BE65-9C51ED8C50D0}.Release|Any CPU.Build.0 = Release|Any CPU
		{D6B6FDB1-93F3-4AC8-91AE-786ABC98D5CA}.Debug|Any CPU.ActiveCfg = Debug|Any CPU
		{D6B6FDB1-93F3-4AC8-91AE-786ABC98D5CA}.Debug|Any CPU.Build.0 = Debug|Any CPU
		{D6B6FDB1-93F3-4AC8-91AE-786ABC98D5CA}.Release|Any CPU.ActiveCfg = Release|Any CPU
		{D6B6FDB1-93F3-4AC8-91AE-786ABC98D5CA}.Release|Any CPU.Build.0 = Release|Any CPU
		{C055E7E6-6853-4B8D-8A75-C8849C40D64F}.Debug|Any CPU.ActiveCfg = Debug|Any CPU
		{C055E7E6-6853-4B8D-8A75-C8849C40D64F}.Debug|Any CPU.Build.0 = Debug|Any CPU
		{C055E7E6-6853-4B8D-8A75-C8849C40D64F}.Release|Any CPU.ActiveCfg = Release|Any CPU
		{C055E7E6-6853-4B8D-8A75-C8849C40D64F}.Release|Any CPU.Build.0 = Release|Any CPU
	EndGlobalSection
	GlobalSection(SolutionProperties) = preSolution
		HideSolutionNode = FALSE
	EndGlobalSection
	GlobalSection(ExtensibilityGlobals) = postSolution
		SolutionGuid = {F786973E-23B6-49BF-9E68-0225592ABB45}
	EndGlobalSection
EndGlobal
